// !$*UTF8*$!
{
	archiveVersion = 1;
	classes = {
	};
	objectVersion = 46;
	objects = {

/* Begin PBXBuildFile section */
		4560B56A16209FEA00CE21B3 /* UIKit.framework in Frameworks */ = {isa = PBXBuildFile; fileRef = 4560B56916209FEA00CE21B3 /* UIKit.framework */; };
		4560B56C16209FEA00CE21B3 /* Foundation.framework in Frameworks */ = {isa = PBXBuildFile; fileRef = 4560B56B16209FEA00CE21B3 /* Foundation.framework */; };
		4560B56E16209FEA00CE21B3 /* CoreGraphics.framework in Frameworks */ = {isa = PBXBuildFile; fileRef = 4560B56D16209FEA00CE21B3 /* CoreGraphics.framework */; };
		4560B57416209FEA00CE21B3 /* InfoPlist.strings in Resources */ = {isa = PBXBuildFile; fileRef = 4560B57216209FEA00CE21B3 /* InfoPlist.strings */; };
		4560B57616209FEA00CE21B3 /* main.m in Sources */ = {isa = PBXBuildFile; fileRef = 4560B57516209FEA00CE21B3 /* main.m */; };
		4560B57A16209FEA00CE21B3 /* AppDelegate.m in Sources */ = {isa = PBXBuildFile; fileRef = 4560B57916209FEA00CE21B3 /* AppDelegate.m */; };
		4560B57C16209FEA00CE21B3 /* Default.png in Resources */ = {isa = PBXBuildFile; fileRef = 4560B57B16209FEA00CE21B3 /* Default.png */; };
		4560B57E16209FEA00CE21B3 /* Default@2x.png in Resources */ = {isa = PBXBuildFile; fileRef = 4560B57D16209FEA00CE21B3 /* Default@2x.png */; };
		4560B58016209FEA00CE21B3 /* Default-568h@2x.png in Resources */ = {isa = PBXBuildFile; fileRef = 4560B57F16209FEA00CE21B3 /* Default-568h@2x.png */; };
		4560B58316209FEA00CE21B3 /* MainStoryboard.storyboard in Resources */ = {isa = PBXBuildFile; fileRef = 4560B58116209FEA00CE21B3 /* MainStoryboard.storyboard */; };
		4560B58616209FEA00CE21B3 /* ViewController.m in Sources */ = {isa = PBXBuildFile; fileRef = 4560B58516209FEA00CE21B3 /* ViewController.m */; };
		4560B58E16209FEA00CE21B3 /* SenTestingKit.framework in Frameworks */ = {isa = PBXBuildFile; fileRef = 4560B58D16209FEA00CE21B3 /* SenTestingKit.framework */; };
		4560B58F16209FEA00CE21B3 /* UIKit.framework in Frameworks */ = {isa = PBXBuildFile; fileRef = 4560B56916209FEA00CE21B3 /* UIKit.framework */; };
		4560B59016209FEA00CE21B3 /* Foundation.framework in Frameworks */ = {isa = PBXBuildFile; fileRef = 4560B56B16209FEA00CE21B3 /* Foundation.framework */; };
		4560B59816209FEA00CE21B3 /* InfoPlist.strings in Resources */ = {isa = PBXBuildFile; fileRef = 4560B59616209FEA00CE21B3 /* InfoPlist.strings */; };
		4560B59B16209FEA00CE21B3 /* testAppTests.m in Sources */ = {isa = PBXBuildFile; fileRef = 4560B59A16209FEA00CE21B3 /* testAppTests.m */; };
/* End PBXBuildFile section */

/* Begin PBXContainerItemProxy section */
		4560B59116209FEA00CE21B3 /* PBXContainerItemProxy */ = {
			isa = PBXContainerItemProxy;
			containerPortal = 4560B55C16209FEA00CE21B3 /* Project object */;
			proxyType = 1;
			remoteGlobalIDString = 4560B56416209FEA00CE21B3;
			remoteInfo = testApp;
		};
/* End PBXContainerItemProxy section */

/* Begin PBXFileReference section */
		4560B56516209FEA00CE21B3 /* testApp.app */ = {isa = PBXFileReference; explicitFileType = wrapper.application; includeInIndex = 0; path = testApp.app; sourceTree = BUILT_PRODUCTS_DIR; };
		4560B56916209FEA00CE21B3 /* UIKit.framework */ = {isa = PBXFileReference; lastKnownFileType = wrapper.framework; name = UIKit.framework; path = System/Library/Frameworks/UIKit.framework; sourceTree = SDKROOT; };
		4560B56B16209FEA00CE21B3 /* Foundation.framework */ = {isa = PBXFileReference; lastKnownFileType = wrapper.framework; name = Foundation.framework; path = System/Library/Frameworks/Foundation.framework; sourceTree = SDKROOT; };
		4560B56D16209FEA00CE21B3 /* CoreGraphics.framework */ = {isa = PBXFileReference; lastKnownFileType = wrapper.framework; name = CoreGraphics.framework; path = System/Library/Frameworks/CoreGraphics.framework; sourceTree = SDKROOT; };
		4560B57116209FEA00CE21B3 /* testApp-Info.plist */ = {isa = PBXFileReference; lastKnownFileType = text.plist.xml; path = "testApp-Info.plist"; sourceTree = "<group>"; };
		4560B57316209FEA00CE21B3 /* en */ = {isa = PBXFileReference; lastKnownFileType = text.plist.strings; name = en; path = en.lproj/InfoPlist.strings; sourceTree = "<group>"; };
		4560B57516209FEA00CE21B3 /* main.m */ = {isa = PBXFileReference; lastKnownFileType = sourcecode.c.objc; path = main.m; sourceTree = "<group>"; };
		4560B57716209FEA00CE21B3 /* testApp-Prefix.pch */ = {isa = PBXFileReference; lastKnownFileType = sourcecode.c.h; path = "testApp-Prefix.pch"; sourceTree = "<group>"; };
		4560B57816209FEA00CE21B3 /* AppDelegate.h */ = {isa = PBXFileReference; lastKnownFileType = sourcecode.c.h; path = AppDelegate.h; sourceTree = "<group>"; };
		4560B57916209FEA00CE21B3 /* AppDelegate.m */ = {isa = PBXFileReference; lastKnownFileType = sourcecode.c.objc; path = AppDelegate.m; sourceTree = "<group>"; };
		4560B57B16209FEA00CE21B3 /* Default.png */ = {isa = PBXFileReference; lastKnownFileType = image.png; path = Default.png; sourceTree = "<group>"; };
		4560B57D16209FEA00CE21B3 /* Default@2x.png */ = {isa = PBXFileReference; lastKnownFileType = image.png; path = "Default@2x.png"; sourceTree = "<group>"; };
		4560B57F16209FEA00CE21B3 /* Default-568h@2x.png */ = {isa = PBXFileReference; lastKnownFileType = image.png; path = "Default-568h@2x.png"; sourceTree = "<group>"; };
		4560B58216209FEA00CE21B3 /* en */ = {isa = PBXFileReference; lastKnownFileType = file.storyboard; name = en; path = en.lproj/MainStoryboard.storyboard; sourceTree = "<group>"; };
		4560B58416209FEA00CE21B3 /* ViewController.h */ = {isa = PBXFileReference; lastKnownFileType = sourcecode.c.h; path = ViewController.h; sourceTree = "<group>"; };
		4560B58516209FEA00CE21B3 /* ViewController.m */ = {isa = PBXFileReference; lastKnownFileType = sourcecode.c.objc; path = ViewController.m; sourceTree = "<group>"; };
		4560B58C16209FEA00CE21B3 /* testAppTests.octest */ = {isa = PBXFileReference; explicitFileType = wrapper.cfbundle; includeInIndex = 0; path = testAppTests.octest; sourceTree = BUILT_PRODUCTS_DIR; };
		4560B58D16209FEA00CE21B3 /* SenTestingKit.framework */ = {isa = PBXFileReference; lastKnownFileType = wrapper.framework; name = SenTestingKit.framework; path = Library/Frameworks/SenTestingKit.framework; sourceTree = DEVELOPER_DIR; };
		4560B59516209FEA00CE21B3 /* testAppTests-Info.plist */ = {isa = PBXFileReference; lastKnownFileType = text.plist.xml; path = "testAppTests-Info.plist"; sourceTree = "<group>"; };
		4560B59716209FEA00CE21B3 /* en */ = {isa = PBXFileReference; lastKnownFileType = text.plist.strings; name = en; path = en.lproj/InfoPlist.strings; sourceTree = "<group>"; };
		4560B59916209FEA00CE21B3 /* testAppTests.h */ = {isa = PBXFileReference; lastKnownFileType = sourcecode.c.h; path = testAppTests.h; sourceTree = "<group>"; };
		4560B59A16209FEA00CE21B3 /* testAppTests.m */ = {isa = PBXFileReference; lastKnownFileType = sourcecode.c.objc; path = testAppTests.m; sourceTree = "<group>"; };
/* End PBXFileReference section */

/* Begin PBXFrameworksBuildPhase section */
		4560B56216209FEA00CE21B3 /* Frameworks */ = {
			isa = PBXFrameworksBuildPhase;
			buildActionMask = 2147483647;
			files = (
				4560B56A16209FEA00CE21B3 /* UIKit.framework in Frameworks */,
				4560B56C16209FEA00CE21B3 /* Foundation.framework in Frameworks */,
				4560B56E16209FEA00CE21B3 /* CoreGraphics.framework in Frameworks */,
			);
			runOnlyForDeploymentPostprocessing = 0;
		};
		4560B58816209FEA00CE21B3 /* Frameworks */ = {
			isa = PBXFrameworksBuildPhase;
			buildActionMask = 2147483647;
			files = (
				4560B58E16209FEA00CE21B3 /* SenTestingKit.framework in Frameworks */,
				4560B58F16209FEA00CE21B3 /* UIKit.framework in Frameworks */,
				4560B59016209FEA00CE21B3 /* Foundation.framework in Frameworks */,
			);
			runOnlyForDeploymentPostprocessing = 0;
		};
/* End PBXFrameworksBuildPhase section */

/* Begin PBXGroup section */
		4560B55A16209FEA00CE21B3 = {
			isa = PBXGroup;
			children = (
				4560B56F16209FEA00CE21B3 /* testApp */,
				4560B59316209FEA00CE21B3 /* testAppTests */,
				4560B56816209FEA00CE21B3 /* Frameworks */,
				4560B56616209FEA00CE21B3 /* Products */,
			);
			sourceTree = "<group>";
		};
		4560B56616209FEA00CE21B3 /* Products */ = {
			isa = PBXGroup;
			children = (
				4560B56516209FEA00CE21B3 /* testApp.app */,
				4560B58C16209FEA00CE21B3 /* testAppTests.octest */,
			);
			name = Products;
			sourceTree = "<group>";
		};
		4560B56816209FEA00CE21B3 /* Frameworks */ = {
			isa = PBXGroup;
			children = (
				4560B56916209FEA00CE21B3 /* UIKit.framework */,
				4560B56B16209FEA00CE21B3 /* Foundation.framework */,
				4560B56D16209FEA00CE21B3 /* CoreGraphics.framework */,
				4560B58D16209FEA00CE21B3 /* SenTestingKit.framework */,
			);
			name = Frameworks;
			sourceTree = "<group>";
		};
		4560B56F16209FEA00CE21B3 /* testApp */ = {
			isa = PBXGroup;
			children = (
				4560B57816209FEA00CE21B3 /* AppDelegate.h */,
				4560B57916209FEA00CE21B3 /* AppDelegate.m */,
				4560B58116209FEA00CE21B3 /* MainStoryboard.storyboard */,
				4560B58416209FEA00CE21B3 /* ViewController.h */,
				4560B58516209FEA00CE21B3 /* ViewController.m */,
				4560B57016209FEA00CE21B3 /* Supporting Files */,
			);
			path = testApp;
			sourceTree = "<group>";
		};
		4560B57016209FEA00CE21B3 /* Supporting Files */ = {
			isa = PBXGroup;
			children = (
				4560B57116209FEA00CE21B3 /* testApp-Info.plist */,
				4560B57216209FEA00CE21B3 /* InfoPlist.strings */,
				4560B57516209FEA00CE21B3 /* main.m */,
				4560B57716209FEA00CE21B3 /* testApp-Prefix.pch */,
				4560B57B16209FEA00CE21B3 /* Default.png */,
				4560B57D16209FEA00CE21B3 /* Default@2x.png */,
				4560B57F16209FEA00CE21B3 /* Default-568h@2x.png */,
			);
			name = "Supporting Files";
			sourceTree = "<group>";
		};
		4560B59316209FEA00CE21B3 /* testAppTests */ = {
			isa = PBXGroup;
			children = (
				4560B59916209FEA00CE21B3 /* testAppTests.h */,
				4560B59A16209FEA00CE21B3 /* testAppTests.m */,
				4560B59416209FEA00CE21B3 /* Supporting Files */,
			);
			path = testAppTests;
			sourceTree = "<group>";
		};
		4560B59416209FEA00CE21B3 /* Supporting Files */ = {
			isa = PBXGroup;
			children = (
				4560B59516209FEA00CE21B3 /* testAppTests-Info.plist */,
				4560B59616209FEA00CE21B3 /* InfoPlist.strings */,
			);
			name = "Supporting Files";
			sourceTree = "<group>";
		};
/* End PBXGroup section */

/* Begin PBXNativeTarget section */
		4560B56416209FEA00CE21B3 /* testApp */ = {
			isa = PBXNativeTarget;
			buildConfigurationList = 4560B59E16209FEA00CE21B3 /* Build configuration list for PBXNativeTarget "testApp" */;
			buildPhases = (
				4560B56116209FEA00CE21B3 /* Sources */,
				4560B56216209FEA00CE21B3 /* Frameworks */,
				4560B56316209FEA00CE21B3 /* Resources */,
			);
			buildRules = (
			);
			dependencies = (
			);
			name = testApp;
			productName = testApp;
			productReference = 4560B56516209FEA00CE21B3 /* testApp.app */;
			productType = "com.apple.product-type.application";
		};
		4560B58B16209FEA00CE21B3 /* testAppTests */ = {
			isa = PBXNativeTarget;
			buildConfigurationList = 4560B5A116209FEA00CE21B3 /* Build configuration list for PBXNativeTarget "testAppTests" */;
			buildPhases = (
				4560B58716209FEA00CE21B3 /* Sources */,
				4560B58816209FEA00CE21B3 /* Frameworks */,
				4560B58916209FEA00CE21B3 /* Resources */,
				4560B58A16209FEA00CE21B3 /* ShellScript */,
			);
			buildRules = (
			);
			dependencies = (
				4560B59216209FEA00CE21B3 /* PBXTargetDependency */,
			);
			name = testAppTests;
			productName = testAppTests;
			productReference = 4560B58C16209FEA00CE21B3 /* testAppTests.octest */;
			productType = "com.apple.product-type.bundle";
		};
/* End PBXNativeTarget section */

/* Begin PBXProject section */
		4560B55C16209FEA00CE21B3 /* Project object */ = {
			isa = PBXProject;
			attributes = {
				LastUpgradeCheck = 0450;
				ORGANIZATIONNAME = "Derek Bertubin";
			};
			buildConfigurationList = 4560B55F16209FEA00CE21B3 /* Build configuration list for PBXProject "testApp" */;
			compatibilityVersion = "Xcode 3.2";
			developmentRegion = English;
			hasScannedForEncodings = 0;
			knownRegions = (
				en,
			);
			mainGroup = 4560B55A16209FEA00CE21B3;
			productRefGroup = 4560B56616209FEA00CE21B3 /* Products */;
			projectDirPath = "";
			projectRoot = "";
			targets = (
				4560B56416209FEA00CE21B3 /* testApp */,
				4560B58B16209FEA00CE21B3 /* testAppTests */,
			);
		};
/* End PBXProject section */

/* Begin PBXResourcesBuildPhase section */
		4560B56316209FEA00CE21B3 /* Resources */ = {
			isa = PBXResourcesBuildPhase;
			buildActionMask = 2147483647;
			files = (
				4560B57416209FEA00CE21B3 /* InfoPlist.strings in Resources */,
				4560B57C16209FEA00CE21B3 /* Default.png in Resources */,
				4560B57E16209FEA00CE21B3 /* Default@2x.png in Resources */,
				4560B58016209FEA00CE21B3 /* Default-568h@2x.png in Resources */,
				4560B58316209FEA00CE21B3 /* MainStoryboard.storyboard in Resources */,
			);
			runOnlyForDeploymentPostprocessing = 0;
		};
		4560B58916209FEA00CE21B3 /* Resources */ = {
			isa = PBXResourcesBuildPhase;
			buildActionMask = 2147483647;
			files = (
				4560B59816209FEA00CE21B3 /* InfoPlist.strings in Resources */,
			);
			runOnlyForDeploymentPostprocessing = 0;
		};
/* End PBXResourcesBuildPhase section */

/* Begin PBXShellScriptBuildPhase section */
		4560B58A16209FEA00CE21B3 /* ShellScript */ = {
			isa = PBXShellScriptBuildPhase;
			buildActionMask = 2147483647;
			files = (
			);
			inputPaths = (
			);
			outputPaths = (
			);
			runOnlyForDeploymentPostprocessing = 0;
			shellPath = /bin/sh;
			shellScript = "# Run the unit tests in this test bundle.\n\"${SYSTEM_DEVELOPER_DIR}/Tools/RunUnitTests\"\n";
		};
/* End PBXShellScriptBuildPhase section */

/* Begin PBXSourcesBuildPhase section */
		4560B56116209FEA00CE21B3 /* Sources */ = {
			isa = PBXSourcesBuildPhase;
			buildActionMask = 2147483647;
			files = (
				4560B57616209FEA00CE21B3 /* main.m in Sources */,
				4560B57A16209FEA00CE21B3 /* AppDelegate.m in Sources */,
				4560B58616209FEA00CE21B3 /* ViewController.m in Sources */,
			);
			runOnlyForDeploymentPostprocessing = 0;
		};
		4560B58716209FEA00CE21B3 /* Sources */ = {
			isa = PBXSourcesBuildPhase;
			buildActionMask = 2147483647;
			files = (
				4560B59B16209FEA00CE21B3 /* testAppTests.m in Sources */,
			);
			runOnlyForDeploymentPostprocessing = 0;
		};
/* End PBXSourcesBuildPhase section */

/* Begin PBXTargetDependency section */
		4560B59216209FEA00CE21B3 /* PBXTargetDependency */ = {
			isa = PBXTargetDependency;
			target = 4560B56416209FEA00CE21B3 /* testApp */;
			targetProxy = 4560B59116209FEA00CE21B3 /* PBXContainerItemProxy */;
		};
/* End PBXTargetDependency section */

/* Begin PBXVariantGroup section */
		4560B57216209FEA00CE21B3 /* InfoPlist.strings */ = {
			isa = PBXVariantGroup;
			children = (
				4560B57316209FEA00CE21B3 /* en */,
			);
			name = InfoPlist.strings;
			sourceTree = "<group>";
		};
		4560B58116209FEA00CE21B3 /* MainStoryboard.storyboard */ = {
			isa = PBXVariantGroup;
			children = (
				4560B58216209FEA00CE21B3 /* en */,
			);
			name = MainStoryboard.storyboard;
			sourceTree = "<group>";
		};
		4560B59616209FEA00CE21B3 /* InfoPlist.strings */ = {
			isa = PBXVariantGroup;
			children = (
				4560B59716209FEA00CE21B3 /* en */,
			);
			name = InfoPlist.strings;
			sourceTree = "<group>";
		};
/* End PBXVariantGroup section */

/* Begin XCBuildConfiguration section */
		4560B59C16209FEA00CE21B3 /* Debug */ = {
			isa = XCBuildConfiguration;
			buildSettings = {
				ALWAYS_SEARCH_USER_PATHS = NO;
				CLANG_CXX_LANGUAGE_STANDARD = "gnu++0x";
				CLANG_CXX_LIBRARY = "libc++";
				CLANG_ENABLE_OBJC_ARC = YES;
				CLANG_WARN_EMPTY_BODY = YES;
				CLANG_WARN__DUPLICATE_METHOD_MATCH = YES;
				"CODE_SIGN_IDENTITY[sdk=iphoneos*]" = "iPhone Developer";
				COPY_PHASE_STRIP = NO;
				GCC_C_LANGUAGE_STANDARD = gnu99;
				GCC_DYNAMIC_NO_PIC = NO;
				GCC_OPTIMIZATION_LEVEL = 0;
				GCC_PREPROCESSOR_DEFINITIONS = (
					"DEBUG=1",
					"$(inherited)",
				);
				GCC_SYMBOLS_PRIVATE_EXTERN = NO;
				GCC_WARN_ABOUT_RETURN_TYPE = YES;
				GCC_WARN_UNINITIALIZED_AUTOS = YES;
				GCC_WARN_UNUSED_VARIABLE = YES;
				IPHONEOS_DEPLOYMENT_TARGET = 6.0;
				ONLY_ACTIVE_ARCH = YES;
				SDKROOT = iphoneos;
			};
			name = Debug;
		};
		4560B59D16209FEA00CE21B3 /* Release */ = {
			isa = XCBuildConfiguration;
			buildSettings = {
				ALWAYS_SEARCH_USER_PATHS = NO;
				CLANG_CXX_LANGUAGE_STANDARD = "gnu++0x";
				CLANG_CXX_LIBRARY = "libc++";
				CLANG_ENABLE_OBJC_ARC = YES;
				CLANG_WARN_EMPTY_BODY = YES;
				CLANG_WARN__DUPLICATE_METHOD_MATCH = YES;
				"CODE_SIGN_IDENTITY[sdk=iphoneos*]" = "iPhone Developer";
				COPY_PHASE_STRIP = YES;
				GCC_C_LANGUAGE_STANDARD = gnu99;
				GCC_WARN_ABOUT_RETURN_TYPE = YES;
				GCC_WARN_UNINITIALIZED_AUTOS = YES;
				GCC_WARN_UNUSED_VARIABLE = YES;
				IPHONEOS_DEPLOYMENT_TARGET = 6.0;
				OTHER_CFLAGS = "-DNS_BLOCK_ASSERTIONS=1";
				SDKROOT = iphoneos;
				VALIDATE_PRODUCT = YES;
			};
			name = Release;
		};
		4560B59F16209FEA00CE21B3 /* Debug */ = {
			isa = XCBuildConfiguration;
			buildSettings = {
				GCC_PRECOMPILE_PREFIX_HEADER = YES;
				GCC_PREFIX_HEADER = "testApp/testApp-Prefix.pch";
				INFOPLIST_FILE = "testApp/testApp-Info.plist";
				PRODUCT_NAME = "$(TARGET_NAME)";
				WRAPPER_EXTENSION = app;
			};
			name = Debug;
		};
		4560B5A016209FEA00CE21B3 /* Release */ = {
			isa = XCBuildConfiguration;
			buildSettings = {
				GCC_PRECOMPILE_PREFIX_HEADER = YES;
				GCC_PREFIX_HEADER = "testApp/testApp-Prefix.pch";
				INFOPLIST_FILE = "testApp/testApp-Info.plist";
				PRODUCT_NAME = "$(TARGET_NAME)";
				WRAPPER_EXTENSION = app;
			};
			name = Release;
		};
		4560B5A216209FEA00CE21B3 /* Debug */ = {
			isa = XCBuildConfiguration;
			buildSettings = {
				BUNDLE_LOADER = "$(BUILT_PRODUCTS_DIR)/testApp.app/testApp";
				FRAMEWORK_SEARCH_PATHS = (
					"\"$(SDKROOT)/Developer/Library/Frameworks\"",
					"\"$(DEVELOPER_LIBRARY_DIR)/Frameworks\"",
				);
				GCC_PRECOMPILE_PREFIX_HEADER = YES;
				GCC_PREFIX_HEADER = "testApp/testApp-Prefix.pch";
				INFOPLIST_FILE = "testAppTests/testAppTests-Info.plist";
				PRODUCT_NAME = "$(TARGET_NAME)";
				TEST_HOST = "$(BUNDLE_LOADER)";
				WRAPPER_EXTENSION = octest;
			};
			name = Debug;
		};
		4560B5A316209FEA00CE21B3 /* Release */ = {
			isa = XCBuildConfiguration;
			buildSettings = {
				BUNDLE_LOADER = "$(BUILT_PRODUCTS_DIR)/testApp.app/testApp";
				FRAMEWORK_SEARCH_PATHS = (
					"\"$(SDKROOT)/Developer/Library/Frameworks\"",
					"\"$(DEVELOPER_LIBRARY_DIR)/Frameworks\"",
				);
				GCC_PRECOMPILE_PREFIX_HEADER = YES;
				GCC_PREFIX_HEADER = "testApp/testApp-Prefix.pch";
				INFOPLIST_FILE = "testAppTests/testAppTests-Info.plist";
				PRODUCT_NAME = "$(TARGET_NAME)";
				TEST_HOST = "$(BUNDLE_LOADER)";
				WRAPPER_EXTENSION = octest;
			};
			name = Release;
		};
/* End XCBuildConfiguration section */

/* Begin XCConfigurationList section */
		4560B55F16209FEA00CE21B3 /* Build configuration list for PBXProject "testApp" */ = {
			isa = XCConfigurationList;
			buildConfigurations = (
				4560B59C16209FEA00CE21B3 /* Debug */,
				4560B59D16209FEA00CE21B3 /* Release */,
			);
			defaultConfigurationIsVisible = 0;
			defaultConfigurationName = Release;
		};
		4560B59E16209FEA00CE21B3 /* Build configuration list for PBXNativeTarget "testApp" */ = {
			isa = XCConfigurationList;
			buildConfigurations = (
				4560B59F16209FEA00CE21B3 /* Debug */,
				4560B5A016209FEA00CE21B3 /* Release */,
			);
			defaultConfigurationIsVisible = 0;
		};
		4560B5A116209FEA00CE21B3 /* Build configuration list for PBXNativeTarget "testAppTests" */ = {
			isa = XCConfigurationList;
			buildConfigurations = (
				4560B5A216209FEA00CE21B3 /* Debug */,
				4560B5A316209FEA00CE21B3 /* Release */,
			);
			defaultConfigurationIsVisible = 0;
		};
/* End XCConfigurationList section */
	};
	rootObject = 4560B55C16209FEA00CE21B3 /* Project object */;
}
